# This file is automatically @generated by Cargo.
# It is not intended for manual editing.
[[package]]
name = "log-it"
version = "0.1.0"
dependencies = [
 "suborbital",
]

[[package]]
name = "suborbital"
version = "0.6.3"
source = "registry+https://github.com/rust-lang/crates.io-index"
checksum = "c32dbc9f299a73df4c79f7026690db14bc6beea53d1b7df0092be224c283bd19"
