# This file is automatically @generated by Cargo.
# It is not intended for manual editing.
[[package]]
name = "helloworld-rs"
version = "0.1.0"
dependencies = [
 "suborbital",
]

[[package]]
name = "suborbital"
version = "0.9.0"
source = "registry+https://github.com/rust-lang/crates.io-index"
checksum = "881252525620511337a3c1f3bfb46aae4524d74ef6d141d701584c8aa27dfe9e"
