{
  "object": {
    "pins": [
      {
        "package": "Suborbital",
        "repositoryURL": "https://github.com/suborbital/reactr.git",
        "state": {
          "branch": null,
          "revision": "5f33527a38f09e10c93a2c11193557b820939e0b",
          "version": "0.9.0"
        }
      }
    ]
  },
  "version": 1
}
