{
  "object": {
    "pins": [
      {
        "package": "Suborbital",
        "repositoryURL": "https://github.com/suborbital/reactr.git",
        "state": {
          "branch": null,
          "revision": "12eae4d9b3f4b66ca9eed51c67782f794b3c8d72",
          "version": "0.9.1"
        }
      }
    ]
  },
  "version": 1
}
