# This file is automatically @generated by Cargo.
# It is not intended for manual editing.
[[package]]
name = "return-err"
version = "0.1.0"
dependencies = [
 "suborbital",
]

[[package]]
name = "suborbital"
version = "0.9.2"
source = "registry+https://github.com/rust-lang/crates.io-index"
checksum = "2ef1f35fae160c603382d95855fa4e7d2e39e1bcc629e2969b7ab4a1e95df2e7"
