# This file is automatically @generated by Cargo.
# It is not intended for manual editing.
[[package]]
name = "fetch-test"
version = "0.1.0"
dependencies = [
 "suborbital",
]

[[package]]
name = "suborbital"
version = "0.8.2"
source = "registry+https://github.com/rust-lang/crates.io-index"
checksum = "48e45208b939ff6ab3e5589727ee1198c388f8365144528b6b7d3324bc39b1f2"
