# This file is automatically @generated by Cargo.
# It is not intended for manual editing.
[[package]]
name = "get-file"
version = "0.1.0"
dependencies = [
 "suborbital",
]

[[package]]
name = "suborbital"
version = "0.8.0"
source = "registry+https://github.com/rust-lang/crates.io-index"
checksum = "eedcfd14f7f839d725fae28e3b2a7dfa721df7fe357c158d3c72f1c0cb2c2700"
