# This file is automatically @generated by Cargo.
# It is not intended for manual editing.
[[package]]
name = "get-file"
version = "0.1.0"
dependencies = [
 "suborbital",
]

[[package]]
name = "suborbital"
version = "0.6.0"
source = "registry+https://github.com/rust-lang/crates.io-index"
checksum = "7095054ad233fe71ae06b90e3d1ce8005e0bbe1e53c0eba3bed523d511ddf0c8"
