# This file is automatically @generated by Cargo.
# It is not intended for manual editing.
[[package]]
name = "set-array"
version = "0.1.0"
dependencies = [
 "suborbital",
]

[[package]]
name = "suborbital"
version = "0.9.1"
source = "registry+https://github.com/rust-lang/crates.io-index"
checksum = "03b90ba0e13fe8f47170ff5883e3db93094e4624d5c284fa3ae4d663038a208b"
