# This file is automatically @generated by Cargo.
# It is not intended for manual editing.
[[package]]
name = "modify-url"
version = "0.1.0"
dependencies = [
 "suborbital",
]

[[package]]
name = "suborbital"
version = "0.5.0"
source = "registry+https://github.com/rust-lang/crates.io-index"
checksum = "372093ab2c52e963a453c8e78bf9f365f1d91194b92c4bbf6bc2e27135cb17c4"
