# This file is automatically @generated by Cargo.
# It is not intended for manual editing.
[[package]]
name = "modify-url"
version = "0.1.0"
dependencies = [
 "suborbital",
]

[[package]]
name = "suborbital"
version = "0.12.0"
source = "registry+https://github.com/rust-lang/crates.io-index"
checksum = "f8d5f8e52e72ce5628b65ec9f4cdfc26cd43b8c1111b6f1aa66f3b5bfbb60595"
