{
  "name": "as-graphql",
  "lockfileVersion": 2,
  "requires": true,
  "packages": {
    "": {
      "name": "as-graphql",
      "license": "ISC",
      "dependencies": {
        "@assemblyscript/loader": "^0.19",
        "@suborbital/suborbital": "^0.13.1"
      },
      "devDependencies": {
        "assemblyscript": "0.20.4"
      }
    },
    "../../api/assemblyscript": {
      "extraneous": true
    },
    "node_modules/@assemblyscript/loader": {
      "version": "0.19.7",
      "resolved": "https://registry.npmjs.org/@assemblyscript/loader/-/loader-0.19.7.tgz",
      "integrity": "sha512-/BdvOMHnfW3uIHFEgDPRbmA+BoQjuYpjKIZgI3p4sG8Jxgy9UuQW7cQUFx7dRlFUk/SBVCoB8N7412NgKyctqg=="
    },
    "node_modules/@suborbital/suborbital": {
      "version": "0.13.1",
      "resolved": "https://registry.npmjs.org/@suborbital/suborbital/-/suborbital-0.13.1.tgz",
      "integrity": "sha512-icQo7t9HHF5NOzU7TL8tt5PDOQrwI0/W/txMc0JxRkqIzbKUcE7REOysyRY4ZTJHKCDwpuFVRwRWwPFa+N/3RA==",
      "dependencies": {
        "@assemblyscript/loader": "^0.19"
      }
    },
    "node_modules/assemblyscript": {
      "version": "0.20.4",
      "resolved": "https://registry.npmjs.org/assemblyscript/-/assemblyscript-0.20.4.tgz",
      "integrity": "sha512-ku/6G/Js5T3MGqQesaaBsZQA7EYi/hDIiR5EPEATHfJi/CTvmO7675SvRqUsk+RFtnjzEldZQk1VvQUq2Hx/xQ==",
      "dev": true,
      "dependencies": {
        "binaryen": "106.0.0-nightly.20220320",
        "long": "^5.2.0"
      },
      "bin": {
        "asc": "bin/asc.js",
        "asinit": "bin/asinit.js"
      },
      "funding": {
        "type": "opencollective",
        "url": "https://opencollective.com/assemblyscript"
      }
    },
    "node_modules/binaryen": {
      "version": "106.0.0-nightly.20220320",
      "resolved": "https://registry.npmjs.org/binaryen/-/binaryen-106.0.0-nightly.20220320.tgz",
      "integrity": "sha512-9Jzp9aOJ2uk2+viAiPr6+wi1BZKlxO4paTVm481RUEq3PIY63kdw78JoThrROt1s1qpCMuz0Oml6YqPJ7tep4w==",
      "dev": true,
      "bin": {
        "wasm-opt": "bin/wasm-opt",
        "wasm2js": "bin/wasm2js"
      }
    },
    "node_modules/long": {
      "version": "5.2.0",
      "resolved": "https://registry.npmjs.org/long/-/long-5.2.0.tgz",
      "integrity": "sha512-9RTUNjK60eJbx3uz+TEGF7fUr29ZDxR5QzXcyDpeSfeH28S9ycINflOgOlppit5U+4kNTe83KQnMEerw7GmE8w==",
      "dev": true
    }
  },
  "dependencies": {
    "@assemblyscript/loader": {
      "version": "0.19.7",
      "resolved": "https://registry.npmjs.org/@assemblyscript/loader/-/loader-0.19.7.tgz",
      "integrity": "sha512-/BdvOMHnfW3uIHFEgDPRbmA+BoQjuYpjKIZgI3p4sG8Jxgy9UuQW7cQUFx7dRlFUk/SBVCoB8N7412NgKyctqg=="
    },
    "@suborbital/suborbital": {
      "version": "0.13.1",
      "resolved": "https://registry.npmjs.org/@suborbital/suborbital/-/suborbital-0.13.1.tgz",
      "integrity": "sha512-icQo7t9HHF5NOzU7TL8tt5PDOQrwI0/W/txMc0JxRkqIzbKUcE7REOysyRY4ZTJHKCDwpuFVRwRWwPFa+N/3RA==",
      "requires": {
        "@assemblyscript/loader": "^0.19"
      }
    },
    "assemblyscript": {
      "version": "0.20.4",
      "resolved": "https://registry.npmjs.org/assemblyscript/-/assemblyscript-0.20.4.tgz",
      "integrity": "sha512-ku/6G/Js5T3MGqQesaaBsZQA7EYi/hDIiR5EPEATHfJi/CTvmO7675SvRqUsk+RFtnjzEldZQk1VvQUq2Hx/xQ==",
      "dev": true,
      "requires": {
        "binaryen": "106.0.0-nightly.20220320",
        "long": "^5.2.0"
      }
    },
    "binaryen": {
      "version": "106.0.0-nightly.20220320",
      "resolved": "https://registry.npmjs.org/binaryen/-/binaryen-106.0.0-nightly.20220320.tgz",
      "integrity": "sha512-9Jzp9aOJ2uk2+viAiPr6+wi1BZKlxO4paTVm481RUEq3PIY63kdw78JoThrROt1s1qpCMuz0Oml6YqPJ7tep4w==",
      "dev": true
    },
    "long": {
      "version": "5.2.0",
      "resolved": "https://registry.npmjs.org/long/-/long-5.2.0.tgz",
      "integrity": "sha512-9RTUNjK60eJbx3uz+TEGF7fUr29ZDxR5QzXcyDpeSfeH28S9ycINflOgOlppit5U+4kNTe83KQnMEerw7GmE8w==",
      "dev": true
    }
  }
}
