# This file is automatically @generated by Cargo.
# It is not intended for manual editing.
[[package]]
name = "cache-get"
version = "0.1.0"
dependencies = [
 "suborbital",
]

[[package]]
name = "suborbital"
version = "0.11.1"
source = "registry+https://github.com/rust-lang/crates.io-index"
checksum = "63d9848ca558a6cef624da595a78d781cf9f11a54c758a406020e2809dd647bc"
